
Microsoft Visual Studio Solution File, Format Version 12.00
# Visual Studio Version 17
VisualStudioVersion = 17.4.33213.308
MinimumVisualStudioVersion = 10.0.40219.1
Project("{FAE04EC0-301F-11D3-BF4B-00C04F79EFBC}") = "Noodles.BusinessLogic", "Noodles.BusinessLogic\Noodles.BusinessLogic.csproj", "{C1174774-CDA4-4AAE-B6E7-8E482AD69044}"
EndProject
Global
	GlobalSection(SolutionConfigurationPlatforms) = preSolution
		Debug|Any CPU = Debug|Any CPU
		Release|Any CPU = Release|Any CPU
	EndGlobalSection
	GlobalSection(ProjectConfigurationPlatforms) = postSolution
		{C1174774-CDA4-4AAE-B6E7-8E482AD69044}.Debug|Any CPU.ActiveCfg = Debug|Any CPU
		{C1174774-CDA4-4AAE-B6E7-8E482AD69044}.Debug|Any CPU.Build.0 = Debug|Any CPU
		{C1174774-CDA4-4AAE-B6E7-8E482AD69044}.Release|Any CPU.ActiveCfg = Release|Any CPU
		{C1174774-CDA4-4AAE-B6E7-8E482AD69044}.Release|Any CPU.Build.0 = Release|Any CPU
	EndGlobalSection
	GlobalSection(SolutionProperties) = preSolution
		HideSolutionNode = FALSE
	EndGlobalSection
	GlobalSection(ExtensibilityGlobals) = postSolution
		SolutionGuid = {0819D07A-96EA-406D-9D85-9F41AC1AA6A1}
	EndGlobalSection
EndGlobal
